// !$*UTF8*$!
{
	archiveVersion = 1;
	classes = {
	};
	objectVersion = 50;
	objects = {

/* Begin PBXBuildFile section */
		78FAC7D120F4E393001B1868 /* AppDelegate.swift in Sources */ = {isa = PBXBuildFile; fileRef = 78FAC7D020F4E393001B1868 /* AppDelegate.swift */; };
		78FAC7D320F4E393001B1868 /* ViewController.swift in Sources */ = {isa = PBXBuildFile; fileRef = 78FAC7D220F4E393001B1868 /* ViewController.swift */; };
		78FAC7D620F4E393001B1868 /* Main.storyboard in Resources */ = {isa = PBXBuildFile; fileRef = 78FAC7D420F4E393001B1868 /* Main.storyboard */; };
		78FAC7D920F4E393001B1868 /* swift_remote_push_notification.xcdatamodeld in Sources */ = {isa = PBXBuildFile; fileRef = 78FAC7D720F4E393001B1868 /* swift_remote_push_notification.xcdatamodeld */; };
		78FAC7DB20F4E394001B1868 /* Assets.xcassets in Resources */ = {isa = PBXBuildFile; fileRef = 78FAC7DA20F4E394001B1868 /* Assets.xcassets */; };
		78FAC7DE20F4E394001B1868 /* LaunchScreen.storyboard in Resources */ = {isa = PBXBuildFile; fileRef = 78FAC7DC20F4E394001B1868 /* LaunchScreen.storyboard */; };
		9829B0C84A8AEBD4BFBC192F /* Pods_swift_remote_push_notification.framework in Frameworks */ = {isa = PBXBuildFile; fileRef = DBB6A1BEAFFAC956F4B8B4EB /* Pods_swift_remote_push_notification.framework */; };
/* End PBXBuildFile section */

/* Begin PBXFileReference section */
		60BACF5A8C6EE6030E6A1B30 /* Pods-swift-remote-push-notification.debug.xcconfig */ = {isa = PBXFileReference; includeInIndex = 1; lastKnownFileType = text.xcconfig; name = "Pods-swift-remote-push-notification.debug.xcconfig"; path = "Pods/Target Support Files/Pods-swift-remote-push-notification/Pods-swift-remote-push-notification.debug.xcconfig"; sourceTree = "<group>"; };
		78FAC7CD20F4E393001B1868 /* swift-remote-push-notification.app */ = {isa = PBXFileReference; explicitFileType = wrapper.application; includeInIndex = 0; path = "swift-remote-push-notification.app"; sourceTree = BUILT_PRODUCTS_DIR; };
		78FAC7D020F4E393001B1868 /* AppDelegate.swift */ = {isa = PBXFileReference; lastKnownFileType = sourcecode.swift; path = AppDelegate.swift; sourceTree = "<group>"; };
		78FAC7D220F4E393001B1868 /* ViewController.swift */ = {isa = PBXFileReference; lastKnownFileType = sourcecode.swift; path = ViewController.swift; sourceTree = "<group>"; };
		78FAC7D520F4E393001B1868 /* Base */ = {isa = PBXFileReference; lastKnownFileType = file.storyboard; name = Base; path = Base.lproj/Main.storyboard; sourceTree = "<group>"; };
		78FAC7D820F4E393001B1868 /* swift_remote_push_notification.xcdatamodel */ = {isa = PBXFileReference; lastKnownFileType = wrapper.xcdatamodel; path = swift_remote_push_notification.xcdatamodel; sourceTree = "<group>"; };
		78FAC7DA20F4E394001B1868 /* Assets.xcassets */ = {isa = PBXFileReference; lastKnownFileType = folder.assetcatalog; path = Assets.xcassets; sourceTree = "<group>"; };
		78FAC7DD20F4E394001B1868 /* Base */ = {isa = PBXFileReference; lastKnownFileType = file.storyboard; name = Base; path = Base.lproj/LaunchScreen.storyboard; sourceTree = "<group>"; };
		78FAC7DF20F4E394001B1868 /* Info.plist */ = {isa = PBXFileReference; lastKnownFileType = text.plist.xml; path = Info.plist; sourceTree = "<group>"; };
		9948851AC0CAE06A353B287F /* Pods-swift-remote-push-notification.release.xcconfig */ = {isa = PBXFileReference; includeInIndex = 1; lastKnownFileType = text.xcconfig; name = "Pods-swift-remote-push-notification.release.xcconfig"; path = "Pods/Target Support Files/Pods-swift-remote-push-notification/Pods-swift-remote-push-notification.release.xcconfig"; sourceTree = "<group>"; };
		DBB6A1BEAFFAC956F4B8B4EB /* Pods_swift_remote_push_notification.framework */ = {isa = PBXFileReference; explicitFileType = wrapper.framework; includeInIndex = 0; path = Pods_swift_remote_push_notification.framework; sourceTree = BUILT_PRODUCTS_DIR; };
/* End PBXFileReference section */

/* Begin PBXFrameworksBuildPhase section */
		78FAC7CA20F4E393001B1868 /* Frameworks */ = {
			isa = PBXFrameworksBuildPhase;
			buildActionMask = 2147483647;
			files = (
				9829B0C84A8AEBD4BFBC192F /* Pods_swift_remote_push_notification.framework in Frameworks */,
			);
			runOnlyForDeploymentPostprocessing = 0;
		};
/* End PBXFrameworksBuildPhase section */

/* Begin PBXGroup section */
		177C061E4520E14BD139D0AD /* Frameworks */ = {
			isa = PBXGroup;
			children = (
				DBB6A1BEAFFAC956F4B8B4EB /* Pods_swift_remote_push_notification.framework */,
			);
			name = Frameworks;
			sourceTree = "<group>";
		};
		78FAC7C420F4E393001B1868 = {
			isa = PBXGroup;
			children = (
				78FAC7CF20F4E393001B1868 /* swift-remote-push-notification */,
				78FAC7CE20F4E393001B1868 /* Products */,
				E74A13CEFEAC5874CABBE7F5 /* Pods */,
				177C061E4520E14BD139D0AD /* Frameworks */,
			);
			sourceTree = "<group>";
		};
		78FAC7CE20F4E393001B1868 /* Products */ = {
			isa = PBXGroup;
			children = (
				78FAC7CD20F4E393001B1868 /* swift-remote-push-notification.app */,
			);
			name = Products;
			sourceTree = "<group>";
		};
		78FAC7CF20F4E393001B1868 /* swift-remote-push-notification */ = {
			isa = PBXGroup;
			children = (
				78FAC7D020F4E393001B1868 /* AppDelegate.swift */,
				78FAC7D220F4E393001B1868 /* ViewController.swift */,
				78FAC7D420F4E393001B1868 /* Main.storyboard */,
				78FAC7DA20F4E394001B1868 /* Assets.xcassets */,
				78FAC7DC20F4E394001B1868 /* LaunchScreen.storyboard */,
				78FAC7DF20F4E394001B1868 /* Info.plist */,
				78FAC7D720F4E393001B1868 /* swift_remote_push_notification.xcdatamodeld */,
			);
			path = "swift-remote-push-notification";
			sourceTree = "<group>";
		};
		E74A13CEFEAC5874CABBE7F5 /* Pods */ = {
			isa = PBXGroup;
			children = (
				60BACF5A8C6EE6030E6A1B30 /* Pods-swift-remote-push-notification.debug.xcconfig */,
				9948851AC0CAE06A353B287F /* Pods-swift-remote-push-notification.release.xcconfig */,
			);
			name = Pods;
			sourceTree = "<group>";
		};
/* End PBXGroup section */

/* Begin PBXNativeTarget section */
		78FAC7CC20F4E393001B1868 /* swift-remote-push-notification */ = {
			isa = PBXNativeTarget;
			buildConfigurationList = 78FAC7E220F4E394001B1868 /* Build configuration list for PBXNativeTarget "swift-remote-push-notification" */;
			buildPhases = (
				FFB211064DB58B51C22515D7 /* [CP] Check Pods Manifest.lock */,
				78FAC7C920F4E393001B1868 /* Sources */,
				78FAC7CA20F4E393001B1868 /* Frameworks */,
				78FAC7CB20F4E393001B1868 /* Resources */,
				A51DC595FEA3DC4BA1DBEC1B /* [CP] Embed Pods Frameworks */,
			);
			buildRules = (
			);
			dependencies = (
			);
			name = "swift-remote-push-notification";
			productName = "swift-remote-push-notification";
			productReference = 78FAC7CD20F4E393001B1868 /* swift-remote-push-notification.app */;
			productType = "com.apple.product-type.application";
		};
/* End PBXNativeTarget section */

/* Begin PBXProject section */
		78FAC7C520F4E393001B1868 /* Project object */ = {
			isa = PBXProject;
			attributes = {
				LastSwiftUpdateCheck = 0940;
				LastUpgradeCheck = 0940;
				ORGANIZATIONNAME = "Pandit, Sanjay";
				TargetAttributes = {
					78FAC7CC20F4E393001B1868 = {
						CreatedOnToolsVersion = 9.4;
					};
				};
			};
			buildConfigurationList = 78FAC7C820F4E393001B1868 /* Build configuration list for PBXProject "swift-remote-push-notification" */;
			compatibilityVersion = "Xcode 9.3";
			developmentRegion = en;
			hasScannedForEncodings = 0;
			knownRegions = (
				en,
				Base,
			);
			mainGroup = 78FAC7C420F4E393001B1868;
			productRefGroup = 78FAC7CE20F4E393001B1868 /* Products */;
			projectDirPath = "";
			projectRoot = "";
			targets = (
				78FAC7CC20F4E393001B1868 /* swift-remote-push-notification */,
			);
		};
/* End PBXProject section */

/* Begin PBXResourcesBuildPhase section */
		78FAC7CB20F4E393001B1868 /* Resources */ = {
			isa = PBXResourcesBuildPhase;
			buildActionMask = 2147483647;
			files = (
				78FAC7DE20F4E394001B1868 /* LaunchScreen.storyboard in Resources */,
				78FAC7DB20F4E394001B1868 /* Assets.xcassets in Resources */,
				78FAC7D620F4E393001B1868 /* Main.storyboard in Resources */,
			);
			runOnlyForDeploymentPostprocessing = 0;
		};
/* End PBXResourcesBuildPhase section */

/* Begin PBXShellScriptBuildPhase section */
		A51DC595FEA3DC4BA1DBEC1B /* [CP] Embed Pods Frameworks */ = {
			isa = PBXShellScriptBuildPhase;
			buildActionMask = 2147483647;
			files = (
			);
			inputPaths = (
				"${SRCROOT}/Pods/Target Support Files/Pods-swift-remote-push-notification/Pods-swift-remote-push-notification-frameworks.sh",
				"${BUILT_PRODUCTS_DIR}/GoogleToolboxForMac/GoogleToolboxForMac.framework",
				"${BUILT_PRODUCTS_DIR}/Protobuf/Protobuf.framework",
				"${BUILT_PRODUCTS_DIR}/nanopb/nanopb.framework",
			);
			name = "[CP] Embed Pods Frameworks";
			outputPaths = (
				"${TARGET_BUILD_DIR}/${FRAMEWORKS_FOLDER_PATH}/GoogleToolboxForMac.framework",
				"${TARGET_BUILD_DIR}/${FRAMEWORKS_FOLDER_PATH}/Protobuf.framework",
				"${TARGET_BUILD_DIR}/${FRAMEWORKS_FOLDER_PATH}/nanopb.framework",
			);
			runOnlyForDeploymentPostprocessing = 0;
			shellPath = /bin/sh;
			shellScript = "\"${SRCROOT}/Pods/Target Support Files/Pods-swift-remote-push-notification/Pods-swift-remote-push-notification-frameworks.sh\"\n";
			showEnvVarsInLog = 0;
		};
		FFB211064DB58B51C22515D7 /* [CP] Check Pods Manifest.lock */ = {
			isa = PBXShellScriptBuildPhase;
			buildActionMask = 2147483647;
			files = (
			);
			inputPaths = (
				"${PODS_PODFILE_DIR_PATH}/Podfile.lock",
				"${PODS_ROOT}/Manifest.lock",
			);
			name = "[CP] Check Pods Manifest.lock";
			outputPaths = (
				"$(DERIVED_FILE_DIR)/Pods-swift-remote-push-notification-checkManifestLockResult.txt",
			);
			runOnlyForDeploymentPostprocessing = 0;
			shellPath = /bin/sh;
			shellScript = "diff \"${PODS_PODFILE_DIR_PATH}/Podfile.lock\" \"${PODS_ROOT}/Manifest.lock\" > /dev/null\nif [ $? != 0 ] ; then\n    # print error to STDERR\n    echo \"error: The sandbox is not in sync with the Podfile.lock. Run 'pod install' or update your CocoaPods installation.\" >&2\n    exit 1\nfi\n# This output is used by Xcode 'outputs' to avoid re-running this script phase.\necho \"SUCCESS\" > \"${SCRIPT_OUTPUT_FILE_0}\"\n";
			showEnvVarsInLog = 0;
		};
/* End PBXShellScriptBuildPhase section */

/* Begin PBXSourcesBuildPhase section */
		78FAC7C920F4E393001B1868 /* Sources */ = {
			isa = PBXSourcesBuildPhase;
			buildActionMask = 2147483647;
			files = (
				78FAC7D320F4E393001B1868 /* ViewController.swift in Sources */,
				78FAC7D120F4E393001B1868 /* AppDelegate.swift in Sources */,
				78FAC7D920F4E393001B1868 /* swift_remote_push_notification.xcdatamodeld in Sources */,
			);
			runOnlyForDeploymentPostprocessing = 0;
		};
/* End PBXSourcesBuildPhase section */

/* Begin PBXVariantGroup section */
		78FAC7D420F4E393001B1868 /* Main.storyboard */ = {
			isa = PBXVariantGroup;
			children = (
				78FAC7D520F4E393001B1868 /* Base */,
			);
			name = Main.storyboard;
			sourceTree = "<group>";
		};
		78FAC7DC20F4E394001B1868 /* LaunchScreen.storyboard */ = {
			isa = PBXVariantGroup;
			children = (
				78FAC7DD20F4E394001B1868 /* Base */,
			);
			name = LaunchScreen.storyboard;
			sourceTree = "<group>";
		};
/* End PBXVariantGroup section */

/* Begin XCBuildConfiguration section */
		78FAC7E020F4E394001B1868 /* Debug */ = {
			isa = XCBuildConfiguration;
			buildSettings = {
				ALWAYS_SEARCH_USER_PATHS = NO;
				CLANG_ANALYZER_NONNULL = YES;
				CLANG_ANALYZER_NUMBER_OBJECT_CONVERSION = YES_AGGRESSIVE;
				CLANG_CXX_LANGUAGE_STANDARD = "gnu++14";
				CLANG_CXX_LIBRARY = "libc++";
				CLANG_ENABLE_MODULES = YES;
				CLANG_ENABLE_OBJC_ARC = YES;
				CLANG_ENABLE_OBJC_WEAK = YES;
				CLANG_WARN_BLOCK_CAPTURE_AUTORELEASING = YES;
				CLANG_WARN_BOOL_CONVERSION = YES;
				CLANG_WARN_COMMA = YES;
				CLANG_WARN_CONSTANT_CONVERSION = YES;
				CLANG_WARN_DEPRECATED_OBJC_IMPLEMENTATIONS = YES;
				CLANG_WARN_DIRECT_OBJC_ISA_USAGE = YES_ERROR;
				CLANG_WARN_DOCUMENTATION_COMMENTS = YES;
				CLANG_WARN_EMPTY_BODY = YES;
				CLANG_WARN_ENUM_CONVERSION = YES;
				CLANG_WARN_INFINITE_RECURSION = YES;
				CLANG_WARN_INT_CONVERSION = YES;
				CLANG_WARN_NON_LITERAL_NULL_CONVERSION = YES;
				CLANG_WARN_OBJC_IMPLICIT_RETAIN_SELF = YES;
				CLANG_WARN_OBJC_LITERAL_CONVERSION = YES;
				CLANG_WARN_OBJC_ROOT_CLASS = YES_ERROR;
				CLANG_WARN_RANGE_LOOP_ANALYSIS = YES;
				CLANG_WARN_STRICT_PROTOTYPES = YES;
				CLANG_WARN_SUSPICIOUS_MOVE = YES;
				CLANG_WARN_UNGUARDED_AVAILABILITY = YES_AGGRESSIVE;
				CLANG_WARN_UNREACHABLE_CODE = YES;
				CLANG_WARN__DUPLICATE_METHOD_MATCH = YES;
				CODE_SIGN_IDENTITY = "iPhone Developer";
				COPY_PHASE_STRIP = NO;
				DEBUG_INFORMATION_FORMAT = dwarf;
				ENABLE_STRICT_OBJC_MSGSEND = YES;
				ENABLE_TESTABILITY = YES;
				GCC_C_LANGUAGE_STANDARD = gnu11;
				GCC_DYNAMIC_NO_PIC = NO;
				GCC_NO_COMMON_BLOCKS = YES;
				GCC_OPTIMIZATION_LEVEL = 0;
				GCC_PREPROCESSOR_DEFINITIONS = (
					"DEBUG=1",
					"$(inherited)",
				);
				GCC_WARN_64_TO_32_BIT_CONVERSION = YES;
				GCC_WARN_ABOUT_RETURN_TYPE = YES_ERROR;
				GCC_WARN_UNDECLARED_SELECTOR = YES;
				GCC_WARN_UNINITIALIZED_AUTOS = YES_AGGRESSIVE;
				GCC_WARN_UNUSED_FUNCTION = YES;
				GCC_WARN_UNUSED_VARIABLE = YES;
				IPHONEOS_DEPLOYMENT_TARGET = 11.4;
				MTL_ENABLE_DEBUG_INFO = YES;
				ONLY_ACTIVE_ARCH = YES;
				SDKROOT = iphoneos;
				SWIFT_ACTIVE_COMPILATION_CONDITIONS = DEBUG;
				SWIFT_OPTIMIZATION_LEVEL = "-Onone";
			};
			name = Debug;
		};
		78FAC7E120F4E394001B1868 /* Release */ = {
			isa = XCBuildConfiguration;
			buildSettings = {
				ALWAYS_SEARCH_USER_PATHS = NO;
				CLANG_ANALYZER_NONNULL = YES;
				CLANG_ANALYZER_NUMBER_OBJECT_CONVERSION = YES_AGGRESSIVE;
				CLANG_CXX_LANGUAGE_STANDARD = "gnu++14";
				CLANG_CXX_LIBRARY = "libc++";
				CLANG_ENABLE_MODULES = YES;
				CLANG_ENABLE_OBJC_ARC = YES;
				CLANG_ENABLE_OBJC_WEAK = YES;
				CLANG_WARN_BLOCK_CAPTURE_AUTORELEASING = YES;
				CLANG_WARN_BOOL_CONVERSION = YES;
				CLANG_WARN_COMMA = YES;
				CLANG_WARN_CONSTANT_CONVERSION = YES;
				CLANG_WARN_DEPRECATED_OBJC_IMPLEMENTATIONS = YES;
				CLANG_WARN_DIRECT_OBJC_ISA_USAGE = YES_ERROR;
				CLANG_WARN_DOCUMENTATION_COMMENTS = YES;
				CLANG_WARN_EMPTY_BODY = YES;
				CLANG_WARN_ENUM_CONVERSION = YES;
				CLANG_WARN_INFINITE_RECURSION = YES;
				CLANG_WARN_INT_CONVERSION = YES;
				CLANG_WARN_NON_LITERAL_NULL_CONVERSION = YES;
				CLANG_WARN_OBJC_IMPLICIT_RETAIN_SELF = YES;
				CLANG_WARN_OBJC_LITERAL_CONVERSION = YES;
				CLANG_WARN_OBJC_ROOT_CLASS = YES_ERROR;
				CLANG_WARN_RANGE_LOOP_ANALYSIS = YES;
				CLANG_WARN_STRICT_PROTOTYPES = YES;
				CLANG_WARN_SUSPICIOUS_MOVE = YES;
				CLANG_WARN_UNGUARDED_AVAILABILITY = YES_AGGRESSIVE;
				CLANG_WARN_UNREACHABLE_CODE = YES;
				CLANG_WARN__DUPLICATE_METHOD_MATCH = YES;
				CODE_SIGN_IDENTITY = "iPhone Developer";
				COPY_PHASE_STRIP = NO;
				DEBUG_INFORMATION_FORMAT = "dwarf-with-dsym";
				ENABLE_NS_ASSERTIONS = NO;
				ENABLE_STRICT_OBJC_MSGSEND = YES;
				GCC_C_LANGUAGE_STANDARD = gnu11;
				GCC_NO_COMMON_BLOCKS = YES;
				GCC_WARN_64_TO_32_BIT_CONVERSION = YES;
				GCC_WARN_ABOUT_RETURN_TYPE = YES_ERROR;
				GCC_WARN_UNDECLARED_SELECTOR = YES;
				GCC_WARN_UNINITIALIZED_AUTOS = YES_AGGRESSIVE;
				GCC_WARN_UNUSED_FUNCTION = YES;
				GCC_WARN_UNUSED_VARIABLE = YES;
				IPHONEOS_DEPLOYMENT_TARGET = 11.4;
				MTL_ENABLE_DEBUG_INFO = NO;
				SDKROOT = iphoneos;
				SWIFT_COMPILATION_MODE = wholemodule;
				SWIFT_OPTIMIZATION_LEVEL = "-O";
				VALIDATE_PRODUCT = YES;
			};
			name = Release;
		};
		78FAC7E320F4E394001B1868 /* Debug */ = {
			isa = XCBuildConfiguration;
			baseConfigurationReference = 60BACF5A8C6EE6030E6A1B30 /* Pods-swift-remote-push-notification.debug.xcconfig */;
			buildSettings = {
				ASSETCATALOG_COMPILER_APPICON_NAME = AppIcon;
				CODE_SIGN_STYLE = Automatic;
				DEVELOPMENT_TEAM = X2NSLRY3QK;
				INFOPLIST_FILE = "swift-remote-push-notification/Info.plist";
				LD_RUNPATH_SEARCH_PATHS = (
					"$(inherited)",
					"@executable_path/Frameworks",
				);
				PRODUCT_BUNDLE_IDENTIFIER = "com.sanjay.swift.swift-remote-push-notification";
				PRODUCT_NAME = "$(TARGET_NAME)";
				SWIFT_VERSION = 4.0;
				TARGETED_DEVICE_FAMILY = "1,2";
			};
			name = Debug;
		};
		78FAC7E420F4E394001B1868 /* Release */ = {
			isa = XCBuildConfiguration;
			baseConfigurationReference = 9948851AC0CAE06A353B287F /* Pods-swift-remote-push-notification.release.xcconfig */;
			buildSettings = {
				ASSETCATALOG_COMPILER_APPICON_NAME = AppIcon;
				CODE_SIGN_STYLE = Automatic;
				DEVELOPMENT_TEAM = X2NSLRY3QK;
				INFOPLIST_FILE = "swift-remote-push-notification/Info.plist";
				LD_RUNPATH_SEARCH_PATHS = (
					"$(inherited)",
					"@executable_path/Frameworks",
				);
				PRODUCT_BUNDLE_IDENTIFIER = "com.sanjay.swift.swift-remote-push-notification";
				PRODUCT_NAME = "$(TARGET_NAME)";
				SWIFT_VERSION = 4.0;
				TARGETED_DEVICE_FAMILY = "1,2";
			};
			name = Release;
		};
/* End XCBuildConfiguration section */

/* Begin XCConfigurationList section */
		78FAC7C820F4E393001B1868 /* Build configuration list for PBXProject "swift-remote-push-notification" */ = {
			isa = XCConfigurationList;
			buildConfigurations = (
				78FAC7E020F4E394001B1868 /* Debug */,
				78FAC7E120F4E394001B1868 /* Release */,
			);
			defaultConfigurationIsVisible = 0;
			defaultConfigurationName = Release;
		};
		78FAC7E220F4E394001B1868 /* Build configuration list for PBXNativeTarget "swift-remote-push-notification" */ = {
			isa = XCConfigurationList;
			buildConfigurations = (
				78FAC7E320F4E394001B1868 /* Debug */,
				78FAC7E420F4E394001B1868 /* Release */,
			);
			defaultConfigurationIsVisible = 0;
			defaultConfigurationName = Release;
		};
/* End XCConfigurationList section */

/* Begin XCVersionGroup section */
		78FAC7D720F4E393001B1868 /* swift_remote_push_notification.xcdatamodeld */ = {
			isa = XCVersionGroup;
			children = (
				78FAC7D820F4E393001B1868 /* swift_remote_push_notification.xcdatamodel */,
			);
			currentVersion = 78FAC7D820F4E393001B1868 /* swift_remote_push_notification.xcdatamodel */;
			path = swift_remote_push_notification.xcdatamodeld;
			sourceTree = "<group>";
			versionGroupType = wrapper.xcdatamodel;
		};
/* End XCVersionGroup section */
	};
	rootObject = 78FAC7C520F4E393001B1868 /* Project object */;
}
